
Microsoft Visual Studio Solution File, Format Version 12.00
# Visual Studio Version 17
VisualStudioVersion = 17.14.36518.9
MinimumVisualStudioVersion = 10.0.40219.1
Project("{FAE04EC0-301F-11D3-BF4B-00C04F79EFBC}") = "WaitingListWeb.Domain", "WaitingListWeb.Domain\WaitingListWeb.Domain.csproj", "{A2A74013-45CA-4BC9-A7A4-4BFD1976CF21}"
EndProject
Project("{FAE04EC0-301F-11D3-BF4B-00C04F79EFBC}") = "WaitingListWeb.Infrastructure", "WaitingListWeb.Infrastructure\WaitingListWeb.Infrastructure.csproj", "{2857C870-273F-40E8-A2A7-92340FFB77BA}"
EndProject
Project("{FAE04EC0-301F-11D3-BF4B-00C04F79EFBC}") = "WaitingListWeb.Application", "WaitingListWeb.Application\WaitingListWeb.Application.csproj", "{448BC6F2-9713-4355-9676-474582D64C63}"
EndProject
Project("{FAE04EC0-301F-11D3-BF4B-00C04F79EFBC}") = "SharedLibrary", "..\FPT\SWD222\FiboChatPlatform\SharedLibrary\SharedLibrary.csproj", "{AFEE519C-E41D-42E9-AFF4-F2457D310A65}"
EndProject
Project("{FAE04EC0-301F-11D3-BF4B-00C04F79EFBC}") = "WaitingListWeb.Api", "WaitingListWeb.Api\WaitingListWeb.Api.csproj", "{9855DF6B-E8E2-4967-9F5D-5769910886E9}"
EndProject
Global
	GlobalSection(SolutionConfigurationPlatforms) = preSolution
		Debug|Any CPU = Debug|Any CPU
		Release|Any CPU = Release|Any CPU
	EndGlobalSection
	GlobalSection(ProjectConfigurationPlatforms) = postSolution
		{A2A74013-45CA-4BC9-A7A4-4BFD1976CF21}.Debug|Any CPU.ActiveCfg = Debug|Any CPU
		{A2A74013-45CA-4BC9-A7A4-4BFD1976CF21}.Debug|Any CPU.Build.0 = Debug|Any CPU
		{A2A74013-45CA-4BC9-A7A4-4BFD1976CF21}.Release|Any CPU.ActiveCfg = Release|Any CPU
		{A2A74013-45CA-4BC9-A7A4-4BFD1976CF21}.Release|Any CPU.Build.0 = Release|Any CPU
		{2857C870-273F-40E8-A2A7-92340FFB77BA}.Debug|Any CPU.ActiveCfg = Debug|Any CPU
		{2857C870-273F-40E8-A2A7-92340FFB77BA}.Debug|Any CPU.Build.0 = Debug|Any CPU
		{2857C870-273F-40E8-A2A7-92340FFB77BA}.Release|Any CPU.ActiveCfg = Release|Any CPU
		{2857C870-273F-40E8-A2A7-92340FFB77BA}.Release|Any CPU.Build.0 = Release|Any CPU
		{448BC6F2-9713-4355-9676-474582D64C63}.Debug|Any CPU.ActiveCfg = Debug|Any CPU
		{448BC6F2-9713-4355-9676-474582D64C63}.Debug|Any CPU.Build.0 = Debug|Any CPU
		{448BC6F2-9713-4355-9676-474582D64C63}.Release|Any CPU.ActiveCfg = Release|Any CPU
		{448BC6F2-9713-4355-9676-474582D64C63}.Release|Any CPU.Build.0 = Release|Any CPU
		{AFEE519C-E41D-42E9-AFF4-F2457D310A65}.Debug|Any CPU.ActiveCfg = Debug|Any CPU
		{AFEE519C-E41D-42E9-AFF4-F2457D310A65}.Debug|Any CPU.Build.0 = Debug|Any CPU
		{AFEE519C-E41D-42E9-AFF4-F2457D310A65}.Release|Any CPU.ActiveCfg = Release|Any CPU
		{AFEE519C-E41D-42E9-AFF4-F2457D310A65}.Release|Any CPU.Build.0 = Release|Any CPU
		{9855DF6B-E8E2-4967-9F5D-5769910886E9}.Debug|Any CPU.ActiveCfg = Debug|Any CPU
		{9855DF6B-E8E2-4967-9F5D-5769910886E9}.Debug|Any CPU.Build.0 = Debug|Any CPU
		{9855DF6B-E8E2-4967-9F5D-5769910886E9}.Release|Any CPU.ActiveCfg = Release|Any CPU
		{9855DF6B-E8E2-4967-9F5D-5769910886E9}.Release|Any CPU.Build.0 = Release|Any CPU
	EndGlobalSection
	GlobalSection(SolutionProperties) = preSolution
		HideSolutionNode = FALSE
	EndGlobalSection
	GlobalSection(ExtensibilityGlobals) = postSolution
		SolutionGuid = {8E82D68B-9682-4213-82B6-7D380B653570}
	EndGlobalSection
EndGlobal
